// !$*UTF8*$!
{
	archiveVersion = 1;
	classes = {
	};
	objectVersion = 46;
	objects = {

/* Begin PBXBuildFile section */
		241588671A0A4E4800EF74D1 /* CoreLocation.framework in Frameworks */ = {isa = PBXBuildFile; fileRef = 241588661A0A4E4800EF74D1 /* CoreLocation.framework */; };
		3608C3081A09FCDD006D06DF /* AppDelegate.swift in Sources */ = {isa = PBXBuildFile; fileRef = 3608C3071A09FCDD006D06DF /* AppDelegate.swift */; };
		3608C30A1A09FCDD006D06DF /* ViewController.swift in Sources */ = {isa = PBXBuildFile; fileRef = 3608C3091A09FCDD006D06DF /* ViewController.swift */; };
		3608C30D1A09FCDD006D06DF /* Main.storyboard in Resources */ = {isa = PBXBuildFile; fileRef = 3608C30B1A09FCDD006D06DF /* Main.storyboard */; };
		3608C30F1A09FCDD006D06DF /* Images.xcassets in Resources */ = {isa = PBXBuildFile; fileRef = 3608C30E1A09FCDD006D06DF /* Images.xcassets */; };
		3608C3121A09FCDD006D06DF /* LaunchScreen.xib in Resources */ = {isa = PBXBuildFile; fileRef = 3608C3101A09FCDD006D06DF /* LaunchScreen.xib */; };
		3608C31E1A09FCDE006D06DF /* BeaconAppTests.swift in Sources */ = {isa = PBXBuildFile; fileRef = 3608C31D1A09FCDE006D06DF /* BeaconAppTests.swift */; };
		AEB0A7F61A1081140090F8E7 /* CoreBluetooth.framework in Frameworks */ = {isa = PBXBuildFile; fileRef = AEB0A7F51A1081140090F8E7 /* CoreBluetooth.framework */; };
		B5965A451A107C0B0001C17C /* ibeacon.png in Resources */ = {isa = PBXBuildFile; fileRef = B5965A441A107C0B0001C17C /* ibeacon.png */; };
/* End PBXBuildFile section */

/* Begin PBXContainerItemProxy section */
		3608C3181A09FCDE006D06DF /* PBXContainerItemProxy */ = {
			isa = PBXContainerItemProxy;
			containerPortal = 3608C2FA1A09FCDC006D06DF /* Project object */;
			proxyType = 1;
			remoteGlobalIDString = 3608C3011A09FCDC006D06DF;
			remoteInfo = BeaconApp;
		};
/* End PBXContainerItemProxy section */

/* Begin PBXFileReference section */
		241588661A0A4E4800EF74D1 /* CoreLocation.framework */ = {isa = PBXFileReference; lastKnownFileType = wrapper.framework; name = CoreLocation.framework; path = System/Library/Frameworks/CoreLocation.framework; sourceTree = SDKROOT; };
		3608C3021A09FCDD006D06DF /* BeaconApp.app */ = {isa = PBXFileReference; explicitFileType = wrapper.application; includeInIndex = 0; path = BeaconApp.app; sourceTree = BUILT_PRODUCTS_DIR; };
		3608C3061A09FCDD006D06DF /* Info.plist */ = {isa = PBXFileReference; lastKnownFileType = text.plist.xml; path = Info.plist; sourceTree = "<group>"; };
		3608C3071A09FCDD006D06DF /* AppDelegate.swift */ = {isa = PBXFileReference; lastKnownFileType = sourcecode.swift; path = AppDelegate.swift; sourceTree = "<group>"; };
		3608C3091A09FCDD006D06DF /* ViewController.swift */ = {isa = PBXFileReference; lastKnownFileType = sourcecode.swift; path = ViewController.swift; sourceTree = "<group>"; };
		3608C30C1A09FCDD006D06DF /* Base */ = {isa = PBXFileReference; lastKnownFileType = file.storyboard; name = Base; path = Base.lproj/Main.storyboard; sourceTree = "<group>"; };
		3608C30E1A09FCDD006D06DF /* Images.xcassets */ = {isa = PBXFileReference; lastKnownFileType = folder.assetcatalog; path = Images.xcassets; sourceTree = "<group>"; };
		3608C3111A09FCDD006D06DF /* Base */ = {isa = PBXFileReference; lastKnownFileType = file.xib; name = Base; path = Base.lproj/LaunchScreen.xib; sourceTree = "<group>"; };
		3608C3171A09FCDE006D06DF /* BeaconAppTests.xctest */ = {isa = PBXFileReference; explicitFileType = wrapper.cfbundle; includeInIndex = 0; path = BeaconAppTests.xctest; sourceTree = BUILT_PRODUCTS_DIR; };
		3608C31C1A09FCDE006D06DF /* Info.plist */ = {isa = PBXFileReference; lastKnownFileType = text.plist.xml; path = Info.plist; sourceTree = "<group>"; };
		3608C31D1A09FCDE006D06DF /* BeaconAppTests.swift */ = {isa = PBXFileReference; lastKnownFileType = sourcecode.swift; path = BeaconAppTests.swift; sourceTree = "<group>"; };
		AEB0A7F51A1081140090F8E7 /* CoreBluetooth.framework */ = {isa = PBXFileReference; lastKnownFileType = wrapper.framework; name = CoreBluetooth.framework; path = System/Library/Frameworks/CoreBluetooth.framework; sourceTree = SDKROOT; };
		B5965A441A107C0B0001C17C /* ibeacon.png */ = {isa = PBXFileReference; lastKnownFileType = image.png; path = ibeacon.png; sourceTree = "<group>"; };
/* End PBXFileReference section */

/* Begin PBXFrameworksBuildPhase section */
		3608C2FF1A09FCDC006D06DF /* Frameworks */ = {
			isa = PBXFrameworksBuildPhase;
			buildActionMask = 2147483647;
			files = (
				AEB0A7F61A1081140090F8E7 /* CoreBluetooth.framework in Frameworks */,
				241588671A0A4E4800EF74D1 /* CoreLocation.framework in Frameworks */,
			);
			runOnlyForDeploymentPostprocessing = 0;
		};
		3608C3141A09FCDE006D06DF /* Frameworks */ = {
			isa = PBXFrameworksBuildPhase;
			buildActionMask = 2147483647;
			files = (
			);
			runOnlyForDeploymentPostprocessing = 0;
		};
/* End PBXFrameworksBuildPhase section */

/* Begin PBXGroup section */
		3608C2F91A09FCDC006D06DF = {
			isa = PBXGroup;
			children = (
				AEB0A7F51A1081140090F8E7 /* CoreBluetooth.framework */,
				241588661A0A4E4800EF74D1 /* CoreLocation.framework */,
				3608C3041A09FCDD006D06DF /* BeaconApp */,
				3608C31A1A09FCDE006D06DF /* BeaconAppTests */,
				3608C3031A09FCDD006D06DF /* Products */,
			);
			sourceTree = "<group>";
		};
		3608C3031A09FCDD006D06DF /* Products */ = {
			isa = PBXGroup;
			children = (
				3608C3021A09FCDD006D06DF /* BeaconApp.app */,
				3608C3171A09FCDE006D06DF /* BeaconAppTests.xctest */,
			);
			name = Products;
			sourceTree = "<group>";
		};
		3608C3041A09FCDD006D06DF /* BeaconApp */ = {
			isa = PBXGroup;
			children = (
				3608C3071A09FCDD006D06DF /* AppDelegate.swift */,
				B5965A441A107C0B0001C17C /* ibeacon.png */,
				3608C3091A09FCDD006D06DF /* ViewController.swift */,
				3608C30B1A09FCDD006D06DF /* Main.storyboard */,
				3608C30E1A09FCDD006D06DF /* Images.xcassets */,
				3608C3101A09FCDD006D06DF /* LaunchScreen.xib */,
				3608C3051A09FCDD006D06DF /* Supporting Files */,
			);
			path = BeaconApp;
			sourceTree = "<group>";
		};
		3608C3051A09FCDD006D06DF /* Supporting Files */ = {
			isa = PBXGroup;
			children = (
				3608C3061A09FCDD006D06DF /* Info.plist */,
			);
			name = "Supporting Files";
			sourceTree = "<group>";
		};
		3608C31A1A09FCDE006D06DF /* BeaconAppTests */ = {
			isa = PBXGroup;
			children = (
				3608C31D1A09FCDE006D06DF /* BeaconAppTests.swift */,
				3608C31B1A09FCDE006D06DF /* Supporting Files */,
			);
			path = BeaconAppTests;
			sourceTree = "<group>";
		};
		3608C31B1A09FCDE006D06DF /* Supporting Files */ = {
			isa = PBXGroup;
			children = (
				3608C31C1A09FCDE006D06DF /* Info.plist */,
			);
			name = "Supporting Files";
			sourceTree = "<group>";
		};
/* End PBXGroup section */

/* Begin PBXNativeTarget section */
		3608C3011A09FCDC006D06DF /* BeaconApp */ = {
			isa = PBXNativeTarget;
			buildConfigurationList = 3608C3211A09FCDE006D06DF /* Build configuration list for PBXNativeTarget "BeaconApp" */;
			buildPhases = (
				3608C2FE1A09FCDC006D06DF /* Sources */,
				3608C2FF1A09FCDC006D06DF /* Frameworks */,
				3608C3001A09FCDC006D06DF /* Resources */,
			);
			buildRules = (
			);
			dependencies = (
			);
			name = BeaconApp;
			productName = BeaconApp;
			productReference = 3608C3021A09FCDD006D06DF /* BeaconApp.app */;
			productType = "com.apple.product-type.application";
		};
		3608C3161A09FCDE006D06DF /* BeaconAppTests */ = {
			isa = PBXNativeTarget;
			buildConfigurationList = 3608C3241A09FCDE006D06DF /* Build configuration list for PBXNativeTarget "BeaconAppTests" */;
			buildPhases = (
				3608C3131A09FCDE006D06DF /* Sources */,
				3608C3141A09FCDE006D06DF /* Frameworks */,
				3608C3151A09FCDE006D06DF /* Resources */,
			);
			buildRules = (
			);
			dependencies = (
				3608C3191A09FCDE006D06DF /* PBXTargetDependency */,
			);
			name = BeaconAppTests;
			productName = BeaconAppTests;
			productReference = 3608C3171A09FCDE006D06DF /* BeaconAppTests.xctest */;
			productType = "com.apple.product-type.bundle.unit-test";
		};
/* End PBXNativeTarget section */

/* Begin PBXProject section */
		3608C2FA1A09FCDC006D06DF /* Project object */ = {
			isa = PBXProject;
			attributes = {
				LastUpgradeCheck = 0610;
				ORGANIZATIONNAME = Takahashimoto;
				TargetAttributes = {
					3608C3011A09FCDC006D06DF = {
						CreatedOnToolsVersion = 6.1;
						DevelopmentTeam = HTW933S9W3;
					};
					3608C3161A09FCDE006D06DF = {
						CreatedOnToolsVersion = 6.1;
						TestTargetID = 3608C3011A09FCDC006D06DF;
					};
				};
			};
			buildConfigurationList = 3608C2FD1A09FCDC006D06DF /* Build configuration list for PBXProject "BeaconApp" */;
			compatibilityVersion = "Xcode 3.2";
			developmentRegion = English;
			hasScannedForEncodings = 0;
			knownRegions = (
				en,
				Base,
			);
			mainGroup = 3608C2F91A09FCDC006D06DF;
			productRefGroup = 3608C3031A09FCDD006D06DF /* Products */;
			projectDirPath = "";
			projectRoot = "";
			targets = (
				3608C3011A09FCDC006D06DF /* BeaconApp */,
				3608C3161A09FCDE006D06DF /* BeaconAppTests */,
			);
		};
/* End PBXProject section */

/* Begin PBXResourcesBuildPhase section */
		3608C3001A09FCDC006D06DF /* Resources */ = {
			isa = PBXResourcesBuildPhase;
			buildActionMask = 2147483647;
			files = (
				3608C30D1A09FCDD006D06DF /* Main.storyboard in Resources */,
				3608C3121A09FCDD006D06DF /* LaunchScreen.xib in Resources */,
				3608C30F1A09FCDD006D06DF /* Images.xcassets in Resources */,
				B5965A451A107C0B0001C17C /* ibeacon.png in Resources */,
			);
			runOnlyForDeploymentPostprocessing = 0;
		};
		3608C3151A09FCDE006D06DF /* Resources */ = {
			isa = PBXResourcesBuildPhase;
			buildActionMask = 2147483647;
			files = (
			);
			runOnlyForDeploymentPostprocessing = 0;
		};
/* End PBXResourcesBuildPhase section */

/* Begin PBXSourcesBuildPhase section */
		3608C2FE1A09FCDC006D06DF /* Sources */ = {
			isa = PBXSourcesBuildPhase;
			buildActionMask = 2147483647;
			files = (
				3608C30A1A09FCDD006D06DF /* ViewController.swift in Sources */,
				3608C3081A09FCDD006D06DF /* AppDelegate.swift in Sources */,
			);
			runOnlyForDeploymentPostprocessing = 0;
		};
		3608C3131A09FCDE006D06DF /* Sources */ = {
			isa = PBXSourcesBuildPhase;
			buildActionMask = 2147483647;
			files = (
				3608C31E1A09FCDE006D06DF /* BeaconAppTests.swift in Sources */,
			);
			runOnlyForDeploymentPostprocessing = 0;
		};
/* End PBXSourcesBuildPhase section */

/* Begin PBXTargetDependency section */
		3608C3191A09FCDE006D06DF /* PBXTargetDependency */ = {
			isa = PBXTargetDependency;
			target = 3608C3011A09FCDC006D06DF /* BeaconApp */;
			targetProxy = 3608C3181A09FCDE006D06DF /* PBXContainerItemProxy */;
		};
/* End PBXTargetDependency section */

/* Begin PBXVariantGroup section */
		3608C30B1A09FCDD006D06DF /* Main.storyboard */ = {
			isa = PBXVariantGroup;
			children = (
				3608C30C1A09FCDD006D06DF /* Base */,
			);
			name = Main.storyboard;
			sourceTree = "<group>";
		};
		3608C3101A09FCDD006D06DF /* LaunchScreen.xib */ = {
			isa = PBXVariantGroup;
			children = (
				3608C3111A09FCDD006D06DF /* Base */,
			);
			name = LaunchScreen.xib;
			sourceTree = "<group>";
		};
/* End PBXVariantGroup section */

/* Begin XCBuildConfiguration section */
		3608C31F1A09FCDE006D06DF /* Debug */ = {
			isa = XCBuildConfiguration;
			buildSettings = {
				ALWAYS_SEARCH_USER_PATHS = NO;
				CLANG_CXX_LANGUAGE_STANDARD = "gnu++0x";
				CLANG_CXX_LIBRARY = "libc++";
				CLANG_ENABLE_MODULES = YES;
				CLANG_ENABLE_OBJC_ARC = YES;
				CLANG_WARN_BOOL_CONVERSION = YES;
				CLANG_WARN_CONSTANT_CONVERSION = YES;
				CLANG_WARN_DIRECT_OBJC_ISA_USAGE = YES_ERROR;
				CLANG_WARN_EMPTY_BODY = YES;
				CLANG_WARN_ENUM_CONVERSION = YES;
				CLANG_WARN_INT_CONVERSION = YES;
				CLANG_WARN_OBJC_ROOT_CLASS = YES_ERROR;
				CLANG_WARN_UNREACHABLE_CODE = YES;
				CLANG_WARN__DUPLICATE_METHOD_MATCH = YES;
				"CODE_SIGN_IDENTITY[sdk=iphoneos*]" = "iPhone Developer";
				COPY_PHASE_STRIP = NO;
				ENABLE_STRICT_OBJC_MSGSEND = YES;
				GCC_C_LANGUAGE_STANDARD = gnu99;
				GCC_DYNAMIC_NO_PIC = NO;
				GCC_OPTIMIZATION_LEVEL = 0;
				GCC_PREPROCESSOR_DEFINITIONS = (
					"DEBUG=1",
					"$(inherited)",
				);
				GCC_SYMBOLS_PRIVATE_EXTERN = NO;
				GCC_WARN_64_TO_32_BIT_CONVERSION = YES;
				GCC_WARN_ABOUT_RETURN_TYPE = YES_ERROR;
				GCC_WARN_UNDECLARED_SELECTOR = YES;
				GCC_WARN_UNINITIALIZED_AUTOS = YES_AGGRESSIVE;
				GCC_WARN_UNUSED_FUNCTION = YES;
				GCC_WARN_UNUSED_VARIABLE = YES;
				IPHONEOS_DEPLOYMENT_TARGET = 8.1;
				MTL_ENABLE_DEBUG_INFO = YES;
				ONLY_ACTIVE_ARCH = YES;
				SDKROOT = iphoneos;
				SWIFT_OPTIMIZATION_LEVEL = "-Onone";
			};
			name = Debug;
		};
		3608C3201A09FCDE006D06DF /* Release */ = {
			isa = XCBuildConfiguration;
			buildSettings = {
				ALWAYS_SEARCH_USER_PATHS = NO;
				CLANG_CXX_LANGUAGE_STANDARD = "gnu++0x";
				CLANG_CXX_LIBRARY = "libc++";
				CLANG_ENABLE_MODULES = YES;
				CLANG_ENABLE_OBJC_ARC = YES;
				CLANG_WARN_BOOL_CONVERSION = YES;
				CLANG_WARN_CONSTANT_CONVERSION = YES;
				CLANG_WARN_DIRECT_OBJC_ISA_USAGE = YES_ERROR;
				CLANG_WARN_EMPTY_BODY = YES;
				CLANG_WARN_ENUM_CONVERSION = YES;
				CLANG_WARN_INT_CONVERSION = YES;
				CLANG_WARN_OBJC_ROOT_CLASS = YES_ERROR;
				CLANG_WARN_UNREACHABLE_CODE = YES;
				CLANG_WARN__DUPLICATE_METHOD_MATCH = YES;
				"CODE_SIGN_IDENTITY[sdk=iphoneos*]" = "iPhone Developer";
				COPY_PHASE_STRIP = YES;
				ENABLE_NS_ASSERTIONS = NO;
				ENABLE_STRICT_OBJC_MSGSEND = YES;
				GCC_C_LANGUAGE_STANDARD = gnu99;
				GCC_WARN_64_TO_32_BIT_CONVERSION = YES;
				GCC_WARN_ABOUT_RETURN_TYPE = YES_ERROR;
				GCC_WARN_UNDECLARED_SELECTOR = YES;
				GCC_WARN_UNINITIALIZED_AUTOS = YES_AGGRESSIVE;
				GCC_WARN_UNUSED_FUNCTION = YES;
				GCC_WARN_UNUSED_VARIABLE = YES;
				IPHONEOS_DEPLOYMENT_TARGET = 8.1;
				MTL_ENABLE_DEBUG_INFO = NO;
				SDKROOT = iphoneos;
				VALIDATE_PRODUCT = YES;
			};
			name = Release;
		};
		3608C3221A09FCDE006D06DF /* Debug */ = {
			isa = XCBuildConfiguration;
			buildSettings = {
				ASSETCATALOG_COMPILER_APPICON_NAME = AppIcon;
				CODE_SIGN_IDENTITY = "iPhone Developer";
				"CODE_SIGN_IDENTITY[sdk=iphoneos*]" = "iPhone Developer";
				INFOPLIST_FILE = BeaconApp/Info.plist;
				LD_RUNPATH_SEARCH_PATHS = "$(inherited) @executable_path/Frameworks";
				PRODUCT_NAME = "$(TARGET_NAME)";
				PROVISIONING_PROFILE = "";
				TARGETED_DEVICE_FAMILY = 1;
			};
			name = Debug;
		};
		3608C3231A09FCDE006D06DF /* Release */ = {
			isa = XCBuildConfiguration;
			buildSettings = {
				ASSETCATALOG_COMPILER_APPICON_NAME = AppIcon;
				CODE_SIGN_IDENTITY = "iPhone Developer";
				"CODE_SIGN_IDENTITY[sdk=iphoneos*]" = "iPhone Developer";
				INFOPLIST_FILE = BeaconApp/Info.plist;
				LD_RUNPATH_SEARCH_PATHS = "$(inherited) @executable_path/Frameworks";
				PRODUCT_NAME = "$(TARGET_NAME)";
				PROVISIONING_PROFILE = "";
				TARGETED_DEVICE_FAMILY = 1;
			};
			name = Release;
		};
		3608C3251A09FCDE006D06DF /* Debug */ = {
			isa = XCBuildConfiguration;
			buildSettings = {
				BUNDLE_LOADER = "$(TEST_HOST)";
				FRAMEWORK_SEARCH_PATHS = (
					"$(SDKROOT)/Developer/Library/Frameworks",
					"$(inherited)",
				);
				GCC_PREPROCESSOR_DEFINITIONS = (
					"DEBUG=1",
					"$(inherited)",
				);
				INFOPLIST_FILE = BeaconAppTests/Info.plist;
				LD_RUNPATH_SEARCH_PATHS = "$(inherited) @executable_path/Frameworks @loader_path/Frameworks";
				PRODUCT_NAME = "$(TARGET_NAME)";
				TEST_HOST = "$(BUILT_PRODUCTS_DIR)/BeaconApp.app/BeaconApp";
			};
			name = Debug;
		};
		3608C3261A09FCDE006D06DF /* Release */ = {
			isa = XCBuildConfiguration;
			buildSettings = {
				BUNDLE_LOADER = "$(TEST_HOST)";
				FRAMEWORK_SEARCH_PATHS = (
					"$(SDKROOT)/Developer/Library/Frameworks",
					"$(inherited)",
				);
				INFOPLIST_FILE = BeaconAppTests/Info.plist;
				LD_RUNPATH_SEARCH_PATHS = "$(inherited) @executable_path/Frameworks @loader_path/Frameworks";
				PRODUCT_NAME = "$(TARGET_NAME)";
				TEST_HOST = "$(BUILT_PRODUCTS_DIR)/BeaconApp.app/BeaconApp";
			};
			name = Release;
		};
/* End XCBuildConfiguration section */

/* Begin XCConfigurationList section */
		3608C2FD1A09FCDC006D06DF /* Build configuration list for PBXProject "BeaconApp" */ = {
			isa = XCConfigurationList;
			buildConfigurations = (
				3608C31F1A09FCDE006D06DF /* Debug */,
				3608C3201A09FCDE006D06DF /* Release */,
			);
			defaultConfigurationIsVisible = 0;
			defaultConfigurationName = Release;
		};
		3608C3211A09FCDE006D06DF /* Build configuration list for PBXNativeTarget "BeaconApp" */ = {
			isa = XCConfigurationList;
			buildConfigurations = (
				3608C3221A09FCDE006D06DF /* Debug */,
				3608C3231A09FCDE006D06DF /* Release */,
			);
			defaultConfigurationIsVisible = 0;
			defaultConfigurationName = Release;
		};
		3608C3241A09FCDE006D06DF /* Build configuration list for PBXNativeTarget "BeaconAppTests" */ = {
			isa = XCConfigurationList;
			buildConfigurations = (
				3608C3251A09FCDE006D06DF /* Debug */,
				3608C3261A09FCDE006D06DF /* Release */,
			);
			defaultConfigurationIsVisible = 0;
			defaultConfigurationName = Release;
		};
/* End XCConfigurationList section */
	};
	rootObject = 3608C2FA1A09FCDC006D06DF /* Project object */;
}
